
Microsoft Visual Studio Solution File, Format Version 12.00
# Visual Studio Version 16
VisualStudioVersion = 16.0.31424.327
MinimumVisualStudioVersion = 10.0.40219.1
Project("{FAE04EC0-301F-11D3-BF4B-00C04F79EFBC}") = "NumberGuesser", "NumberGuesser.csproj", "{CE48E8C7-58CE-4143-86E6-2EDC428BE527}"
EndProject
Global
	GlobalSection(SolutionConfigurationPlatforms) = preSolution
		Debug|Any CPU = Debug|Any CPU
		Release|Any CPU = Release|Any CPU
	EndGlobalSection
	GlobalSection(ProjectConfigurationPlatforms) = postSolution
		{CE48E8C7-58CE-4143-86E6-2EDC428BE527}.Debug|Any CPU.ActiveCfg = Debug|Any CPU
		{CE48E8C7-58CE-4143-86E6-2EDC428BE527}.Debug|Any CPU.Build.0 = Debug|Any CPU
		{CE48E8C7-58CE-4143-86E6-2EDC428BE527}.Release|Any CPU.ActiveCfg = Release|Any CPU
		{CE48E8C7-58CE-4143-86E6-2EDC428BE527}.Release|Any CPU.Build.0 = Release|Any CPU
	EndGlobalSection
	GlobalSection(SolutionProperties) = preSolution
		HideSolutionNode = FALSE
	EndGlobalSection
	GlobalSection(ExtensibilityGlobals) = postSolution
		SolutionGuid = {97AEE93C-BD1D-43FD-A592-FA92FF270CAE}
	EndGlobalSection
EndGlobal
